version: 6
environments:
  default:
    channels:
    - url: https://conda.anaconda.org/conda-forge/
    packages:
      linux-64:
      - conda: https://conda.anaconda.org/conda-forge/linux-64/_libgcc_mutex-0.1-conda_forge.tar.bz2
      - conda: https://conda.anaconda.org/conda-forge/linux-64/_openmp_mutex-4.5-2_gnu.tar.bz2
      - conda: https://conda.anaconda.org/conda-forge/linux-64/libgcc-15.2.0-h767d61c_7.conda
      - conda: https://conda.anaconda.org/conda-forge/linux-64/libgomp-15.2.0-h767d61c_7.conda
      - conda: https://conda.anaconda.org/conda-forge/linux-64/libstdcxx-15.2.0-h8f9b012_7.conda
      - conda: https://conda.anaconda.org/conda-forge/linux-64/lua-5.4.8-h03e1676_1.conda
      - conda: https://conda.anaconda.org/conda-forge/linux-64/ncurses-6.5-h2d0b736_3.conda
      - conda: https://conda.anaconda.org/conda-forge/linux-64/readline-8.2-h8c095d6_2.conda
      - conda: https://conda.anaconda.org/conda-forge/linux-64/taskflow-3.10.0-h84d6215_0.conda
      - conda: https://conda.anaconda.org/conda-forge/linux-64/yaml-cpp-0.8.0-h3f2d84a_0.conda
      osx-64:
      - conda: https://conda.anaconda.org/conda-forge/osx-64/libcxx-21.1.5-h3d58e20_0.conda
      - conda: https://conda.anaconda.org/conda-forge/osx-64/lua-5.4.8-h07ffd45_1.conda
      - conda: https://conda.anaconda.org/conda-forge/osx-64/ncurses-6.5-h0622a9a_3.conda
      - conda: https://conda.anaconda.org/conda-forge/osx-64/readline-8.2-h7cca4af_2.conda
      - conda: https://conda.anaconda.org/conda-forge/osx-64/taskflow-3.10.0-h9275861_0.conda
      - conda: https://conda.anaconda.org/conda-forge/osx-64/yaml-cpp-0.8.0-h92383a6_0.conda
      win-64:
      - conda: https://conda.anaconda.org/conda-forge/win-64/lua-5.4.8-h1839187_1.conda
      - conda: https://conda.anaconda.org/conda-forge/win-64/taskflow-3.10.0-h7f575de_0.conda
      - conda: https://conda.anaconda.org/conda-forge/win-64/ucrt-10.0.26100.0-h57928b3_0.conda
      - conda: https://conda.anaconda.org/conda-forge/win-64/vc-14.3-h2b53caa_32.conda
      - conda: https://conda.anaconda.org/conda-forge/win-64/vc14_runtime-14.44.35208-h818238b_32.conda
      - conda: https://conda.anaconda.org/conda-forge/win-64/vcomp14-14.44.35208-h818238b_32.conda
      - conda: https://conda.anaconda.org/conda-forge/win-64/yaml-cpp-0.8.0-he0c23c2_0.conda
packages:
- conda: https://conda.anaconda.org/conda-forge/linux-64/_libgcc_mutex-0.1-conda_forge.tar.bz2
  sha256: fe51de6107f9edc7aa4f786a70f4a883943bc9d39b3bb7307c04c41410990726
  md5: d7c89558ba9fa0495403155b64376d81
  license: None
  size: 2562
  timestamp: 1578324546067
- conda: https://conda.anaconda.org/conda-forge/linux-64/_openmp_mutex-4.5-2_gnu.tar.bz2
  build_number: 16
  sha256: fbe2c5e56a653bebb982eda4876a9178aedfc2b545f25d0ce9c4c0b508253d22
  md5: 73aaf86a425cc6e73fcf236a5a46396d
  depends:
  - _libgcc_mutex 0.1 conda_forge
  - libgomp >=7.5.0
  constrains:
  - openmp_impl 9999
  license: BSD-3-Clause
  license_family: BSD
  size: 23621
  timestamp: 1650670423406
- conda: https://conda.anaconda.org/conda-forge/osx-64/libcxx-21.1.5-h3d58e20_0.conda
  sha256: 2471cbb0741494aeb1706ad4593a9b993bbcb9c874518833c08073623b958359
  md5: d76e25c022d8dddc2055b981fa78a7e7
  depends:
  - __osx >=10.13
  license: Apache-2.0 WITH LLVM-exception
  license_family: Apache
  size: 569679
  timestamp: 1762257632306
- conda: https://conda.anaconda.org/conda-forge/linux-64/libgcc-15.2.0-h767d61c_7.conda
  sha256: 08f9b87578ab981c7713e4e6a7d935e40766e10691732bba376d4964562bcb45
  md5: c0374badb3a5d4b1372db28d19462c53
  depends:
  - __glibc >=2.17,<3.0.a0
  - _openmp_mutex >=4.5
  constrains:
  - libgomp 15.2.0 h767d61c_7
  - libgcc-ng ==15.2.0=*_7
  license: GPL-3.0-only WITH GCC-exception-3.1
  license_family: GPL
  size: 822552
  timestamp: 1759968052178
- conda: https://conda.anaconda.org/conda-forge/linux-64/libgomp-15.2.0-h767d61c_7.conda
  sha256: e9fb1c258c8e66ee278397b5822692527c5f5786d372fe7a869b900853f3f5ca
  md5: f7b4d76975aac7e5d9e6ad13845f92fe
  depends:
  - __glibc >=2.17,<3.0.a0
  license: GPL-3.0-only WITH GCC-exception-3.1
  license_family: GPL
  size: 447919
  timestamp: 1759967942498
- conda: https://conda.anaconda.org/conda-forge/linux-64/libstdcxx-15.2.0-h8f9b012_7.conda
  sha256: 1b981647d9775e1cdeb2fab0a4dd9cd75a6b0de2963f6c3953dbd712f78334b3
  md5: 5b767048b1b3ee9a954b06f4084f93dc
  depends:
  - __glibc >=2.17,<3.0.a0
  - libgcc 15.2.0 h767d61c_7
  constrains:
  - libstdcxx-ng ==15.2.0=*_7
  license: GPL-3.0-only WITH GCC-exception-3.1
  license_family: GPL
  size: 3898269
  timestamp: 1759968103436
- conda: https://conda.anaconda.org/conda-forge/linux-64/lua-5.4.8-h03e1676_1.conda
  sha256: 17b4a4ade5dd20f98d2403e70c88454f9d8dae49c1af8895d13556d3602a03bf
  md5: 4d91571b5f1a5eee5fc4d373c47e0247
  depends:
  - readline
  - ncurses
  - libgcc >=13
  - __glibc >=2.17,<3.0.a0
  - ncurses >=6.5,<7.0a0
  - readline >=8.2,<9.0a0
  license: MIT
  license_family: MIT
  size: 230061
  timestamp: 1750173784978
- conda: https://conda.anaconda.org/conda-forge/osx-64/lua-5.4.8-h07ffd45_1.conda
  sha256: 73a1c24542c7df293bc3cb5b7adffc87b695b4df47a4209b0441c792bbc3680c
  md5: 3ce007de83d91c2ee89a4e3b2de80819
  depends:
  - readline
  - ncurses
  - __osx >=10.13
  - readline >=8.2,<9.0a0
  - ncurses >=6.5,<7.0a0
  license: MIT
  license_family: MIT
  size: 192484
  timestamp: 1750173811071
- conda: https://conda.anaconda.org/conda-forge/win-64/lua-5.4.8-h1839187_1.conda
  sha256: 087d9ba3e16588b1629246d75906ded40f58eb33f10704dc891fb17d0eafbe4d
  md5: 4a73a5771b44c992538cdb6eb04ae9e0
  depends:
  - vc >=14.2,<15
  - vc14_runtime >=14.29.30139
  - ucrt >=10.0.20348.0
  - vc >=14.2,<15
  - vc14_runtime >=14.29.30139
  - ucrt >=10.0.20348.0
  license: MIT
  license_family: MIT
  size: 220258
  timestamp: 1750173848377
- conda: https://conda.anaconda.org/conda-forge/linux-64/ncurses-6.5-h2d0b736_3.conda
  sha256: 3fde293232fa3fca98635e1167de6b7c7fda83caf24b9d6c91ec9eefb4f4d586
  md5: 47e340acb35de30501a76c7c799c41d7
  depends:
  - __glibc >=2.17,<3.0.a0
  - libgcc >=13
  license: X11 AND BSD-3-Clause
  size: 891641
  timestamp: 1738195959188
- conda: https://conda.anaconda.org/conda-forge/osx-64/ncurses-6.5-h0622a9a_3.conda
  sha256: ea4a5d27ded18443749aefa49dc79f6356da8506d508b5296f60b8d51e0c4bd9
  md5: ced34dd9929f491ca6dab6a2927aff25
  depends:
  - __osx >=10.13
  license: X11 AND BSD-3-Clause
  size: 822259
  timestamp: 1738196181298
- conda: https://conda.anaconda.org/conda-forge/linux-64/readline-8.2-h8c095d6_2.conda
  sha256: 2d6d0c026902561ed77cd646b5021aef2d4db22e57a5b0178dfc669231e06d2c
  md5: 283b96675859b20a825f8fa30f311446
  depends:
  - libgcc >=13
  - ncurses >=6.5,<7.0a0
  license: GPL-3.0-only
  license_family: GPL
  size: 282480
  timestamp: 1740379431762
- conda: https://conda.anaconda.org/conda-forge/osx-64/readline-8.2-h7cca4af_2.conda
  sha256: 53017e80453c4c1d97aaf78369040418dea14cf8f46a2fa999f31bd70b36c877
  md5: 342570f8e02f2f022147a7f841475784
  depends:
  - ncurses >=6.5,<7.0a0
  license: GPL-3.0-only
  license_family: GPL
  size: 256712
  timestamp: 1740379577668
- conda: https://conda.anaconda.org/conda-forge/linux-64/taskflow-3.10.0-h84d6215_0.conda
  sha256: d72738a2707b813925cb8c251de9261e4c2aa896472c17655dc1592f905e3c6a
  md5: 3359bdf6bcd25e703038da89c8d24df1
  depends:
  - __glibc >=2.17,<3.0.a0
  - libgcc >=13
  - libstdcxx >=13
  license: MIT
  license_family: MIT
  size: 153462
  timestamp: 1746139166731
- conda: https://conda.anaconda.org/conda-forge/osx-64/taskflow-3.10.0-h9275861_0.conda
  sha256: f4b288f8b480c7c7a6643eb4afe1f5329ff57cecb0efb7851b595fdc0e87a6b2
  md5: 606372fe0c1e161e8d3bbddf65b2b3b7
  depends:
  - __osx >=10.13
  - libcxx >=18
  license: MIT
  license_family: MIT
  size: 153887
  timestamp: 1746139433852
- conda: https://conda.anaconda.org/conda-forge/win-64/taskflow-3.10.0-h7f575de_0.conda
  sha256: 32cc64156f2d17aaf48cf7af2d58ff75574ffc2e4b248b82af6670cbfaf92f14
  md5: a8ba834b86fbe341e3a28cc1e0cf2ec9
  depends:
  - ucrt >=10.0.20348.0
  - vc >=14.2,<15
  - vc14_runtime >=14.29.30139
  license: MIT
  license_family: MIT
  size: 153721
  timestamp: 1746139433730
- conda: https://conda.anaconda.org/conda-forge/win-64/ucrt-10.0.26100.0-h57928b3_0.conda
  sha256: 3005729dce6f3d3f5ec91dfc49fc75a0095f9cd23bab49efb899657297ac91a5
  md5: 71b24316859acd00bdb8b38f5e2ce328
  constrains:
  - vc14_runtime >=14.29.30037
  - vs2015_runtime >=14.29.30037
  license: LicenseRef-MicrosoftWindowsSDK10
  size: 694692
  timestamp: 1756385147981
- conda: https://conda.anaconda.org/conda-forge/win-64/vc-14.3-h2b53caa_32.conda
  sha256: 82250af59af9ff3c6a635dd4c4764c631d854feb334d6747d356d949af44d7cf
  md5: ef02bbe151253a72b8eda264a935db66
  depends:
  - vc14_runtime >=14.42.34433
  track_features:
  - vc14
  license: BSD-3-Clause
  license_family: BSD
  size: 18861
  timestamp: 1760418772353
- conda: https://conda.anaconda.org/conda-forge/win-64/vc14_runtime-14.44.35208-h818238b_32.conda
  sha256: e3a3656b70d1202e0d042811ceb743bd0d9f7e00e2acdf824d231b044ef6c0fd
  md5: 378d5dcec45eaea8d303da6f00447ac0
  depends:
  - ucrt >=10.0.20348.0
  - vcomp14 14.44.35208 h818238b_32
  constrains:
  - vs2015_runtime 14.44.35208.* *_32
  license: LicenseRef-MicrosoftVisualCpp2015-2022Runtime
  license_family: Proprietary
  size: 682706
  timestamp: 1760418629729
- conda: https://conda.anaconda.org/conda-forge/win-64/vcomp14-14.44.35208-h818238b_32.conda
  sha256: f3790c88fbbdc55874f41de81a4237b1b91eab75e05d0e58661518ff04d2a8a1
  md5: 58f67b437acbf2764317ba273d731f1d
  depends:
  - ucrt >=10.0.20348.0
  constrains:
  - vs2015_runtime 14.44.35208.* *_32
  license: LicenseRef-MicrosoftVisualCpp2015-2022Runtime
  license_family: Proprietary
  size: 114846
  timestamp: 1760418593847
- conda: https://conda.anaconda.org/conda-forge/linux-64/yaml-cpp-0.8.0-h3f2d84a_0.conda
  sha256: 4b0b713a4308864a59d5f0b66ac61b7960151c8022511cdc914c0c0458375eca
  md5: 92b90f5f7a322e74468bb4909c7354b5
  depends:
  - libstdcxx >=13
  - libgcc >=13
  - __glibc >=2.17,<3.0.a0
  - libgcc >=13
  license: MIT
  license_family: MIT
  size: 223526
  timestamp: 1745307989800
- conda: https://conda.anaconda.org/conda-forge/osx-64/yaml-cpp-0.8.0-h92383a6_0.conda
  sha256: 67d25c3aa2b4ee54abc53060188542d6086b377878ebf3e2b262ae7379e05a6d
  md5: e15e9855092a8bdaaaed6ad5c173fffa
  depends:
  - libcxx >=18
  - __osx >=10.13
  license: MIT
  license_family: MIT
  size: 145204
  timestamp: 1745308032698
- conda: https://conda.anaconda.org/conda-forge/win-64/yaml-cpp-0.8.0-he0c23c2_0.conda
  sha256: 031642d753e0ebd666a76cea399497cc7048ff363edf7d76a630ee0a19e341da
  md5: 9bb5064a9fca5ca8e7d7f1ae677354b6
  depends:
  - vc >=14.2,<15
  - vc14_runtime >=14.29.30139
  - ucrt >=10.0.20348.0
  - vc >=14.2,<15
  - vc14_runtime >=14.29.30139
  - ucrt >=10.0.20348.0
  license: MIT
  license_family: MIT
  size: 148572
  timestamp: 1745308037198
